
Microsoft Visual Studio Solution File, Format Version 12.00
# Visual Studio 15
VisualStudioVersion = 15.0.26730.10
MinimumVisualStudioVersion = 10.0.40219.1
Project("{FAE04EC0-301F-11D3-BF4B-00C04F79EFBC}") = "AtomicTorch.LUTGenerator", "AtomicTorch.LUTGenerator\AtomicTorch.LUTGenerator.csproj", "{C409D6C8-5711-41B8-B949-2DB1891DBB10}"
EndProject
Global
	GlobalSection(SolutionConfigurationPlatforms) = preSolution
		Debug|Any CPU = Debug|Any CPU
		Release|Any CPU = Release|Any CPU
	EndGlobalSection
	GlobalSection(ProjectConfigurationPlatforms) = postSolution
		{C409D6C8-5711-41B8-B949-2DB1891DBB10}.Debug|Any CPU.ActiveCfg = Debug|Any CPU
		{C409D6C8-5711-41B8-B949-2DB1891DBB10}.Debug|Any CPU.Build.0 = Debug|Any CPU
		{C409D6C8-5711-41B8-B949-2DB1891DBB10}.Release|Any CPU.ActiveCfg = Release|Any CPU
		{C409D6C8-5711-41B8-B949-2DB1891DBB10}.Release|Any CPU.Build.0 = Release|Any CPU
	EndGlobalSection
	GlobalSection(SolutionProperties) = preSolution
		HideSolutionNode = FALSE
	EndGlobalSection
	GlobalSection(ExtensibilityGlobals) = postSolution
		SolutionGuid = {8A25BCC3-17E8-4451-93C0-E9DC377E6105}
	EndGlobalSection
EndGlobal
